
Microsoft Visual Studio Solution File, Format Version 12.00
# Visual Studio 2012
Project("{FAE04EC0-301F-11D3-BF4B-00C04F79EFBC}") = "InterfaceToXML", "InterfaceToXML.csproj", "{AAE1707D-A6FD-4744-91D1-677585871642}"
EndProject
Project("{FAE04EC0-301F-11D3-BF4B-00C04F79EFBC}") = "Test", "..\Test\Test.csproj", "{E33DD0DB-9976-42D3-9133-A23F066B117F}"
EndProject
Global
	GlobalSection(SolutionConfigurationPlatforms) = preSolution
		Debug|Any CPU = Debug|Any CPU
		Release|Any CPU = Release|Any CPU
	EndGlobalSection
	GlobalSection(ProjectConfigurationPlatforms) = postSolution
		{AAE1707D-A6FD-4744-91D1-677585871642}.Debug|Any CPU.ActiveCfg = Debug|Any CPU
		{AAE1707D-A6FD-4744-91D1-677585871642}.Debug|Any CPU.Build.0 = Debug|Any CPU
		{AAE1707D-A6FD-4744-91D1-677585871642}.Release|Any CPU.ActiveCfg = Release|Any CPU
		{AAE1707D-A6FD-4744-91D1-677585871642}.Release|Any CPU.Build.0 = Release|Any CPU
		{E33DD0DB-9976-42D3-9133-A23F066B117F}.Debug|Any CPU.ActiveCfg = Debug|Any CPU
		{E33DD0DB-9976-42D3-9133-A23F066B117F}.Debug|Any CPU.Build.0 = Debug|Any CPU
		{E33DD0DB-9976-42D3-9133-A23F066B117F}.Release|Any CPU.ActiveCfg = Release|Any CPU
		{E33DD0DB-9976-42D3-9133-A23F066B117F}.Release|Any CPU.Build.0 = Release|Any CPU
	EndGlobalSection
	GlobalSection(SolutionProperties) = preSolution
		HideSolutionNode = FALSE
	EndGlobalSection
EndGlobal
